// !$*UTF8*$!
{
	archiveVersion = 1;
	classes = {
	};
	objectVersion = 56;
	objects = {

/* Begin PBXBuildFile section */
		AEABD1B82A97C04300341D8F /* AppDelegate.swift in Sources */ = {isa = PBXBuildFile; fileRef = AEABD1B72A97C04300341D8F /* AppDelegate.swift */; };
		AEABD1BA2A97C04300341D8F /* SceneDelegate.swift in Sources */ = {isa = PBXBuildFile; fileRef = AEABD1B92A97C04300341D8F /* SceneDelegate.swift */; };
		AEABD1C12A97C04400341D8F /* Assets.xcassets in Resources */ = {isa = PBXBuildFile; fileRef = AEABD1C02A97C04400341D8F /* Assets.xcassets */; };
		AEABD1C42A97C04400341D8F /* LaunchScreen.storyboard in Resources */ = {isa = PBXBuildFile; fileRef = AEABD1C22A97C04400341D8F /* LaunchScreen.storyboard */; };
		AEABD1CF2A97C10900341D8F /* MainViewController.swift in Sources */ = {isa = PBXBuildFile; fileRef = AEABD1CE2A97C10900341D8F /* MainViewController.swift */; };
		AEABD1D22A97C11900341D8F /* MainView.swift in Sources */ = {isa = PBXBuildFile; fileRef = AEABD1D12A97C11900341D8F /* MainView.swift */; };
		AEABD1D42A97C12200341D8F /* MainViewDelegate.swift in Sources */ = {isa = PBXBuildFile; fileRef = AEABD1D32A97C12200341D8F /* MainViewDelegate.swift */; };
		AEABD1D82A97C53000341D8F /* ItemCollectionViewCell.swift in Sources */ = {isa = PBXBuildFile; fileRef = AEABD1D72A97C53000341D8F /* ItemCollectionViewCell.swift */; };
		AEABD1DA2A97CC9100341D8F /* MainViewModel.swift in Sources */ = {isa = PBXBuildFile; fileRef = AEABD1D92A97CC9100341D8F /* MainViewModel.swift */; };
		AEABD1DC2A991E2100341D8F /* ItemCellViewModel.swift in Sources */ = {isa = PBXBuildFile; fileRef = AEABD1DB2A991E2100341D8F /* ItemCellViewModel.swift */; };
		AEABD1DF2A991EBB00341D8F /* Item.swift in Sources */ = {isa = PBXBuildFile; fileRef = AEABD1DE2A991EBB00341D8F /* Item.swift */; };
		AEABD1E52A9921BB00341D8F /* NetworkManager.swift in Sources */ = {isa = PBXBuildFile; fileRef = AEABD1E42A9921BB00341D8F /* NetworkManager.swift */; };
		AEABD1E72A9923E500341D8F /* MainViewControllerDelegate.swift in Sources */ = {isa = PBXBuildFile; fileRef = AEABD1E62A9923E500341D8F /* MainViewControllerDelegate.swift */; };
		AEABD1EB2A9A64C200341D8F /* Reachability.swift in Sources */ = {isa = PBXBuildFile; fileRef = AEABD1EA2A9A64C200341D8F /* Reachability.swift */; };
		AEABD1EE2A9B9A0500341D8F /* DetailViewController.swift in Sources */ = {isa = PBXBuildFile; fileRef = AEABD1ED2A9B9A0500341D8F /* DetailViewController.swift */; };
		AEABD1F22A9B9A2000341D8F /* DetailView.swift in Sources */ = {isa = PBXBuildFile; fileRef = AEABD1F12A9B9A2000341D8F /* DetailView.swift */; };
		AEABD1F42A9BA4CB00341D8F /* DetailItem.swift in Sources */ = {isa = PBXBuildFile; fileRef = AEABD1F32A9BA4CB00341D8F /* DetailItem.swift */; };
		AEABD1F62A9BA53A00341D8F /* DetailViewModel.swift in Sources */ = {isa = PBXBuildFile; fileRef = AEABD1F52A9BA53A00341D8F /* DetailViewModel.swift */; };
		AEABD1F82A9C0E7900341D8F /* DetailViewDelegate.swift in Sources */ = {isa = PBXBuildFile; fileRef = AEABD1F72A9C0E7900341D8F /* DetailViewDelegate.swift */; };
		AEABD1FA2A9C103700341D8F /* DetailViewControllerDelegate.swift in Sources */ = {isa = PBXBuildFile; fileRef = AEABD1F92A9C103700341D8F /* DetailViewControllerDelegate.swift */; };
		AEABD1FD2A9C292F00341D8F /* AlertService.swift in Sources */ = {isa = PBXBuildFile; fileRef = AEABD1FC2A9C292F00341D8F /* AlertService.swift */; };
/* End PBXBuildFile section */

/* Begin PBXFileReference section */
		AEABD1B42A97C04300341D8F /* AvitoTests.app */ = {isa = PBXFileReference; explicitFileType = wrapper.application; includeInIndex = 0; path = AvitoTests.app; sourceTree = BUILT_PRODUCTS_DIR; };
		AEABD1B72A97C04300341D8F /* AppDelegate.swift */ = {isa = PBXFileReference; lastKnownFileType = sourcecode.swift; path = AppDelegate.swift; sourceTree = "<group>"; };
		AEABD1B92A97C04300341D8F /* SceneDelegate.swift */ = {isa = PBXFileReference; lastKnownFileType = sourcecode.swift; path = SceneDelegate.swift; sourceTree = "<group>"; };
		AEABD1C02A97C04400341D8F /* Assets.xcassets */ = {isa = PBXFileReference; lastKnownFileType = folder.assetcatalog; path = Assets.xcassets; sourceTree = "<group>"; };
		AEABD1C32A97C04400341D8F /* Base */ = {isa = PBXFileReference; lastKnownFileType = file.storyboard; name = Base; path = Base.lproj/LaunchScreen.storyboard; sourceTree = "<group>"; };
		AEABD1C52A97C04400341D8F /* Info.plist */ = {isa = PBXFileReference; lastKnownFileType = text.plist.xml; path = Info.plist; sourceTree = "<group>"; };
		AEABD1CE2A97C10900341D8F /* MainViewController.swift */ = {isa = PBXFileReference; lastKnownFileType = sourcecode.swift; path = MainViewController.swift; sourceTree = "<group>"; };
		AEABD1D12A97C11900341D8F /* MainView.swift */ = {isa = PBXFileReference; lastKnownFileType = sourcecode.swift; path = MainView.swift; sourceTree = "<group>"; };
		AEABD1D32A97C12200341D8F /* MainViewDelegate.swift */ = {isa = PBXFileReference; lastKnownFileType = sourcecode.swift; path = MainViewDelegate.swift; sourceTree = "<group>"; };
		AEABD1D72A97C53000341D8F /* ItemCollectionViewCell.swift */ = {isa = PBXFileReference; lastKnownFileType = sourcecode.swift; path = ItemCollectionViewCell.swift; sourceTree = "<group>"; };
		AEABD1D92A97CC9100341D8F /* MainViewModel.swift */ = {isa = PBXFileReference; lastKnownFileType = sourcecode.swift; path = MainViewModel.swift; sourceTree = "<group>"; };
		AEABD1DB2A991E2100341D8F /* ItemCellViewModel.swift */ = {isa = PBXFileReference; lastKnownFileType = sourcecode.swift; path = ItemCellViewModel.swift; sourceTree = "<group>"; };
		AEABD1DE2A991EBB00341D8F /* Item.swift */ = {isa = PBXFileReference; lastKnownFileType = sourcecode.swift; path = Item.swift; sourceTree = "<group>"; };
		AEABD1E42A9921BB00341D8F /* NetworkManager.swift */ = {isa = PBXFileReference; lastKnownFileType = sourcecode.swift; path = NetworkManager.swift; sourceTree = "<group>"; };
		AEABD1E62A9923E500341D8F /* MainViewControllerDelegate.swift */ = {isa = PBXFileReference; lastKnownFileType = sourcecode.swift; path = MainViewControllerDelegate.swift; sourceTree = "<group>"; };
		AEABD1EA2A9A64C200341D8F /* Reachability.swift */ = {isa = PBXFileReference; lastKnownFileType = sourcecode.swift; path = Reachability.swift; sourceTree = "<group>"; };
		AEABD1ED2A9B9A0500341D8F /* DetailViewController.swift */ = {isa = PBXFileReference; lastKnownFileType = sourcecode.swift; path = DetailViewController.swift; sourceTree = "<group>"; };
		AEABD1F12A9B9A2000341D8F /* DetailView.swift */ = {isa = PBXFileReference; lastKnownFileType = sourcecode.swift; path = DetailView.swift; sourceTree = "<group>"; };
		AEABD1F32A9BA4CB00341D8F /* DetailItem.swift */ = {isa = PBXFileReference; lastKnownFileType = sourcecode.swift; path = DetailItem.swift; sourceTree = "<group>"; };
		AEABD1F52A9BA53A00341D8F /* DetailViewModel.swift */ = {isa = PBXFileReference; lastKnownFileType = sourcecode.swift; path = DetailViewModel.swift; sourceTree = "<group>"; };
		AEABD1F72A9C0E7900341D8F /* DetailViewDelegate.swift */ = {isa = PBXFileReference; lastKnownFileType = sourcecode.swift; path = DetailViewDelegate.swift; sourceTree = "<group>"; };
		AEABD1F92A9C103700341D8F /* DetailViewControllerDelegate.swift */ = {isa = PBXFileReference; lastKnownFileType = sourcecode.swift; path = DetailViewControllerDelegate.swift; sourceTree = "<group>"; };
		AEABD1FC2A9C292F00341D8F /* AlertService.swift */ = {isa = PBXFileReference; lastKnownFileType = sourcecode.swift; path = AlertService.swift; sourceTree = "<group>"; };
/* End PBXFileReference section */

/* Begin PBXFrameworksBuildPhase section */
		AEABD1B12A97C04300341D8F /* Frameworks */ = {
			isa = PBXFrameworksBuildPhase;
			buildActionMask = 2147483647;
			files = (
			);
			runOnlyForDeploymentPostprocessing = 0;
		};
/* End PBXFrameworksBuildPhase section */

/* Begin PBXGroup section */
		AEABD1AB2A97C04300341D8F = {
			isa = PBXGroup;
			children = (
				AEABD1B62A97C04300341D8F /* AvitoTests */,
				AEABD1B52A97C04300341D8F /* Products */,
			);
			sourceTree = "<group>";
		};
		AEABD1B52A97C04300341D8F /* Products */ = {
			isa = PBXGroup;
			children = (
				AEABD1B42A97C04300341D8F /* AvitoTests.app */,
			);
			name = Products;
			sourceTree = "<group>";
		};
		AEABD1B62A97C04300341D8F /* AvitoTests */ = {
			isa = PBXGroup;
			children = (
				AEABD1CC2A97C08000341D8F /* Application */,
				AEABD1CD2A97C0FC00341D8F /* Main */,
				AEABD1EC2A9B99F400341D8F /* Details */,
				AEABD1DD2A991EB300341D8F /* Model */,
				AEABD1E32A9921AC00341D8F /* Managers */,
				AEABD1E92A9A64A800341D8F /* Service */,
				AEABD1CB2A97C06F00341D8F /* SupportingFiles */,
			);
			path = AvitoTests;
			sourceTree = "<group>";
		};
		AEABD1CB2A97C06F00341D8F /* SupportingFiles */ = {
			isa = PBXGroup;
			children = (
				AEABD1C02A97C04400341D8F /* Assets.xcassets */,
				AEABD1C22A97C04400341D8F /* LaunchScreen.storyboard */,
				AEABD1C52A97C04400341D8F /* Info.plist */,
			);
			path = SupportingFiles;
			sourceTree = "<group>";
		};
		AEABD1CC2A97C08000341D8F /* Application */ = {
			isa = PBXGroup;
			children = (
				AEABD1B72A97C04300341D8F /* AppDelegate.swift */,
				AEABD1B92A97C04300341D8F /* SceneDelegate.swift */,
			);
			path = Application;
			sourceTree = "<group>";
		};
		AEABD1CD2A97C0FC00341D8F /* Main */ = {
			isa = PBXGroup;
			children = (
				AEABD1D02A97C10B00341D8F /* View */,
				AEABD1CE2A97C10900341D8F /* MainViewController.swift */,
				AEABD1D92A97CC9100341D8F /* MainViewModel.swift */,
				AEABD1E62A9923E500341D8F /* MainViewControllerDelegate.swift */,
			);
			path = Main;
			sourceTree = "<group>";
		};
		AEABD1D02A97C10B00341D8F /* View */ = {
			isa = PBXGroup;
			children = (
				AEABD1D62A97C50D00341D8F /* MainCell */,
				AEABD1D52A97C4FD00341D8F /* MainView */,
			);
			path = View;
			sourceTree = "<group>";
		};
		AEABD1D52A97C4FD00341D8F /* MainView */ = {
			isa = PBXGroup;
			children = (
				AEABD1D12A97C11900341D8F /* MainView.swift */,
				AEABD1D32A97C12200341D8F /* MainViewDelegate.swift */,
			);
			path = MainView;
			sourceTree = "<group>";
		};
		AEABD1D62A97C50D00341D8F /* MainCell */ = {
			isa = PBXGroup;
			children = (
				AEABD1D72A97C53000341D8F /* ItemCollectionViewCell.swift */,
				AEABD1DB2A991E2100341D8F /* ItemCellViewModel.swift */,
			);
			path = MainCell;
			sourceTree = "<group>";
		};
		AEABD1DD2A991EB300341D8F /* Model */ = {
			isa = PBXGroup;
			children = (
				AEABD1DE2A991EBB00341D8F /* Item.swift */,
				AEABD1F32A9BA4CB00341D8F /* DetailItem.swift */,
			);
			path = Model;
			sourceTree = "<group>";
		};
		AEABD1E32A9921AC00341D8F /* Managers */ = {
			isa = PBXGroup;
			children = (
				AEABD1E42A9921BB00341D8F /* NetworkManager.swift */,
			);
			path = Managers;
			sourceTree = "<group>";
		};
		AEABD1E92A9A64A800341D8F /* Service */ = {
			isa = PBXGroup;
			children = (
				AEABD1EA2A9A64C200341D8F /* Reachability.swift */,
				AEABD1FC2A9C292F00341D8F /* AlertService.swift */,
			);
			path = Service;
			sourceTree = "<group>";
		};
		AEABD1EC2A9B99F400341D8F /* Details */ = {
			isa = PBXGroup;
			children = (
				AEABD1EF2A9B9A0700341D8F /* View */,
				AEABD1ED2A9B9A0500341D8F /* DetailViewController.swift */,
				AEABD1F52A9BA53A00341D8F /* DetailViewModel.swift */,
				AEABD1F92A9C103700341D8F /* DetailViewControllerDelegate.swift */,
			);
			path = Details;
			sourceTree = "<group>";
		};
		AEABD1EF2A9B9A0700341D8F /* View */ = {
			isa = PBXGroup;
			children = (
				AEABD1F02A9B9A0E00341D8F /* DetailView */,
			);
			path = View;
			sourceTree = "<group>";
		};
		AEABD1F02A9B9A0E00341D8F /* DetailView */ = {
			isa = PBXGroup;
			children = (
				AEABD1F12A9B9A2000341D8F /* DetailView.swift */,
				AEABD1F72A9C0E7900341D8F /* DetailViewDelegate.swift */,
			);
			path = DetailView;
			sourceTree = "<group>";
		};
/* End PBXGroup section */

/* Begin PBXNativeTarget section */
		AEABD1B32A97C04300341D8F /* AvitoTests */ = {
			isa = PBXNativeTarget;
			buildConfigurationList = AEABD1C82A97C04400341D8F /* Build configuration list for PBXNativeTarget "AvitoTests" */;
			buildPhases = (
				AEABD1B02A97C04300341D8F /* Sources */,
				AEABD1B12A97C04300341D8F /* Frameworks */,
				AEABD1B22A97C04300341D8F /* Resources */,
			);
			buildRules = (
			);
			dependencies = (
			);
			name = AvitoTests;
			productName = AvitoTests;
			productReference = AEABD1B42A97C04300341D8F /* AvitoTests.app */;
			productType = "com.apple.product-type.application";
		};
/* End PBXNativeTarget section */

/* Begin PBXProject section */
		AEABD1AC2A97C04300341D8F /* Project object */ = {
			isa = PBXProject;
			attributes = {
				BuildIndependentTargetsInParallel = 1;
				LastSwiftUpdateCheck = 1430;
				LastUpgradeCheck = 1430;
				TargetAttributes = {
					AEABD1B32A97C04300341D8F = {
						CreatedOnToolsVersion = 14.3;
					};
				};
			};
			buildConfigurationList = AEABD1AF2A97C04300341D8F /* Build configuration list for PBXProject "AvitoTests" */;
			compatibilityVersion = "Xcode 14.0";
			developmentRegion = en;
			hasScannedForEncodings = 0;
			knownRegions = (
				en,
				Base,
			);
			mainGroup = AEABD1AB2A97C04300341D8F;
			productRefGroup = AEABD1B52A97C04300341D8F /* Products */;
			projectDirPath = "";
			projectRoot = "";
			targets = (
				AEABD1B32A97C04300341D8F /* AvitoTests */,
			);
		};
/* End PBXProject section */

/* Begin PBXResourcesBuildPhase section */
		AEABD1B22A97C04300341D8F /* Resources */ = {
			isa = PBXResourcesBuildPhase;
			buildActionMask = 2147483647;
			files = (
				AEABD1C42A97C04400341D8F /* LaunchScreen.storyboard in Resources */,
				AEABD1C12A97C04400341D8F /* Assets.xcassets in Resources */,
			);
			runOnlyForDeploymentPostprocessing = 0;
		};
/* End PBXResourcesBuildPhase section */

/* Begin PBXSourcesBuildPhase section */
		AEABD1B02A97C04300341D8F /* Sources */ = {
			isa = PBXSourcesBuildPhase;
			buildActionMask = 2147483647;
			files = (
				AEABD1EE2A9B9A0500341D8F /* DetailViewController.swift in Sources */,
				AEABD1DA2A97CC9100341D8F /* MainViewModel.swift in Sources */,
				AEABD1DF2A991EBB00341D8F /* Item.swift in Sources */,
				AEABD1F22A9B9A2000341D8F /* DetailView.swift in Sources */,
				AEABD1EB2A9A64C200341D8F /* Reachability.swift in Sources */,
				AEABD1CF2A97C10900341D8F /* MainViewController.swift in Sources */,
				AEABD1D22A97C11900341D8F /* MainView.swift in Sources */,
				AEABD1E52A9921BB00341D8F /* NetworkManager.swift in Sources */,
				AEABD1B82A97C04300341D8F /* AppDelegate.swift in Sources */,
				AEABD1D82A97C53000341D8F /* ItemCollectionViewCell.swift in Sources */,
				AEABD1F82A9C0E7900341D8F /* DetailViewDelegate.swift in Sources */,
				AEABD1DC2A991E2100341D8F /* ItemCellViewModel.swift in Sources */,
				AEABD1FD2A9C292F00341D8F /* AlertService.swift in Sources */,
				AEABD1FA2A9C103700341D8F /* DetailViewControllerDelegate.swift in Sources */,
				AEABD1E72A9923E500341D8F /* MainViewControllerDelegate.swift in Sources */,
				AEABD1F42A9BA4CB00341D8F /* DetailItem.swift in Sources */,
				AEABD1D42A97C12200341D8F /* MainViewDelegate.swift in Sources */,
				AEABD1BA2A97C04300341D8F /* SceneDelegate.swift in Sources */,
				AEABD1F62A9BA53A00341D8F /* DetailViewModel.swift in Sources */,
			);
			runOnlyForDeploymentPostprocessing = 0;
		};
/* End PBXSourcesBuildPhase section */

/* Begin PBXVariantGroup section */
		AEABD1C22A97C04400341D8F /* LaunchScreen.storyboard */ = {
			isa = PBXVariantGroup;
			children = (
				AEABD1C32A97C04400341D8F /* Base */,
			);
			name = LaunchScreen.storyboard;
			sourceTree = "<group>";
		};
/* End PBXVariantGroup section */

/* Begin XCBuildConfiguration section */
		AEABD1C62A97C04400341D8F /* Debug */ = {
			isa = XCBuildConfiguration;
			buildSettings = {
				ALWAYS_SEARCH_USER_PATHS = NO;
				CLANG_ANALYZER_NONNULL = YES;
				CLANG_ANALYZER_NUMBER_OBJECT_CONVERSION = YES_AGGRESSIVE;
				CLANG_CXX_LANGUAGE_STANDARD = "gnu++20";
				CLANG_ENABLE_MODULES = YES;
				CLANG_ENABLE_OBJC_ARC = YES;
				CLANG_ENABLE_OBJC_WEAK = YES;
				CLANG_WARN_BLOCK_CAPTURE_AUTORELEASING = YES;
				CLANG_WARN_BOOL_CONVERSION = YES;
				CLANG_WARN_COMMA = YES;
				CLANG_WARN_CONSTANT_CONVERSION = YES;
				CLANG_WARN_DEPRECATED_OBJC_IMPLEMENTATIONS = YES;
				CLANG_WARN_DIRECT_OBJC_ISA_USAGE = YES_ERROR;
				CLANG_WARN_DOCUMENTATION_COMMENTS = YES;
				CLANG_WARN_EMPTY_BODY = YES;
				CLANG_WARN_ENUM_CONVERSION = YES;
				CLANG_WARN_INFINITE_RECURSION = YES;
				CLANG_WARN_INT_CONVERSION = YES;
				CLANG_WARN_NON_LITERAL_NULL_CONVERSION = YES;
				CLANG_WARN_OBJC_IMPLICIT_RETAIN_SELF = YES;
				CLANG_WARN_OBJC_LITERAL_CONVERSION = YES;
				CLANG_WARN_OBJC_ROOT_CLASS = YES_ERROR;
				CLANG_WARN_QUOTED_INCLUDE_IN_FRAMEWORK_HEADER = YES;
				CLANG_WARN_RANGE_LOOP_ANALYSIS = YES;
				CLANG_WARN_STRICT_PROTOTYPES = YES;
				CLANG_WARN_SUSPICIOUS_MOVE = YES;
				CLANG_WARN_UNGUARDED_AVAILABILITY = YES_AGGRESSIVE;
				CLANG_WARN_UNREACHABLE_CODE = YES;
				CLANG_WARN__DUPLICATE_METHOD_MATCH = YES;
				COPY_PHASE_STRIP = NO;
				DEBUG_INFORMATION_FORMAT = dwarf;
				ENABLE_STRICT_OBJC_MSGSEND = YES;
				ENABLE_TESTABILITY = YES;
				GCC_C_LANGUAGE_STANDARD = gnu11;
				GCC_DYNAMIC_NO_PIC = NO;
				GCC_NO_COMMON_BLOCKS = YES;
				GCC_OPTIMIZATION_LEVEL = 0;
				GCC_PREPROCESSOR_DEFINITIONS = (
					"DEBUG=1",
					"$(inherited)",
				);
				GCC_WARN_64_TO_32_BIT_CONVERSION = YES;
				GCC_WARN_ABOUT_RETURN_TYPE = YES_ERROR;
				GCC_WARN_UNDECLARED_SELECTOR = YES;
				GCC_WARN_UNINITIALIZED_AUTOS = YES_AGGRESSIVE;
				GCC_WARN_UNUSED_FUNCTION = YES;
				GCC_WARN_UNUSED_VARIABLE = YES;
				IPHONEOS_DEPLOYMENT_TARGET = 16.4;
				MTL_ENABLE_DEBUG_INFO = INCLUDE_SOURCE;
				MTL_FAST_MATH = YES;
				ONLY_ACTIVE_ARCH = YES;
				SDKROOT = iphoneos;
				SWIFT_ACTIVE_COMPILATION_CONDITIONS = DEBUG;
				SWIFT_OPTIMIZATION_LEVEL = "-Onone";
			};
			name = Debug;
		};
		AEABD1C72A97C04400341D8F /* Release */ = {
			isa = XCBuildConfiguration;
			buildSettings = {
				ALWAYS_SEARCH_USER_PATHS = NO;
				CLANG_ANALYZER_NONNULL = YES;
				CLANG_ANALYZER_NUMBER_OBJECT_CONVERSION = YES_AGGRESSIVE;
				CLANG_CXX_LANGUAGE_STANDARD = "gnu++20";
				CLANG_ENABLE_MODULES = YES;
				CLANG_ENABLE_OBJC_ARC = YES;
				CLANG_ENABLE_OBJC_WEAK = YES;
				CLANG_WARN_BLOCK_CAPTURE_AUTORELEASING = YES;
				CLANG_WARN_BOOL_CONVERSION = YES;
				CLANG_WARN_COMMA = YES;
				CLANG_WARN_CONSTANT_CONVERSION = YES;
				CLANG_WARN_DEPRECATED_OBJC_IMPLEMENTATIONS = YES;
				CLANG_WARN_DIRECT_OBJC_ISA_USAGE = YES_ERROR;
				CLANG_WARN_DOCUMENTATION_COMMENTS = YES;
				CLANG_WARN_EMPTY_BODY = YES;
				CLANG_WARN_ENUM_CONVERSION = YES;
				CLANG_WARN_INFINITE_RECURSION = YES;
				CLANG_WARN_INT_CONVERSION = YES;
				CLANG_WARN_NON_LITERAL_NULL_CONVERSION = YES;
				CLANG_WARN_OBJC_IMPLICIT_RETAIN_SELF = YES;
				CLANG_WARN_OBJC_LITERAL_CONVERSION = YES;
				CLANG_WARN_OBJC_ROOT_CLASS = YES_ERROR;
				CLANG_WARN_QUOTED_INCLUDE_IN_FRAMEWORK_HEADER = YES;
				CLANG_WARN_RANGE_LOOP_ANALYSIS = YES;
				CLANG_WARN_STRICT_PROTOTYPES = YES;
				CLANG_WARN_SUSPICIOUS_MOVE = YES;
				CLANG_WARN_UNGUARDED_AVAILABILITY = YES_AGGRESSIVE;
				CLANG_WARN_UNREACHABLE_CODE = YES;
				CLANG_WARN__DUPLICATE_METHOD_MATCH = YES;
				COPY_PHASE_STRIP = NO;
				DEBUG_INFORMATION_FORMAT = "dwarf-with-dsym";
				ENABLE_NS_ASSERTIONS = NO;
				ENABLE_STRICT_OBJC_MSGSEND = YES;
				GCC_C_LANGUAGE_STANDARD = gnu11;
				GCC_NO_COMMON_BLOCKS = YES;
				GCC_WARN_64_TO_32_BIT_CONVERSION = YES;
				GCC_WARN_ABOUT_RETURN_TYPE = YES_ERROR;
				GCC_WARN_UNDECLARED_SELECTOR = YES;
				GCC_WARN_UNINITIALIZED_AUTOS = YES_AGGRESSIVE;
				GCC_WARN_UNUSED_FUNCTION = YES;
				GCC_WARN_UNUSED_VARIABLE = YES;
				IPHONEOS_DEPLOYMENT_TARGET = 16.4;
				MTL_ENABLE_DEBUG_INFO = NO;
				MTL_FAST_MATH = YES;
				SDKROOT = iphoneos;
				SWIFT_COMPILATION_MODE = wholemodule;
				SWIFT_OPTIMIZATION_LEVEL = "-O";
				VALIDATE_PRODUCT = YES;
			};
			name = Release;
		};
		AEABD1C92A97C04400341D8F /* Debug */ = {
			isa = XCBuildConfiguration;
			buildSettings = {
				ASSETCATALOG_COMPILER_APPICON_NAME = AppIcon;
				ASSETCATALOG_COMPILER_GLOBAL_ACCENT_COLOR_NAME = AccentColor;
				CODE_SIGN_STYLE = Automatic;
				CURRENT_PROJECT_VERSION = 1;
				DEVELOPMENT_TEAM = T7653YUNND;
				GENERATE_INFOPLIST_FILE = YES;
				INFOPLIST_FILE = AvitoTests/SupportingFiles/Info.plist;
				INFOPLIST_KEY_UIApplicationSupportsIndirectInputEvents = YES;
				INFOPLIST_KEY_UILaunchStoryboardName = LaunchScreen;
				INFOPLIST_KEY_UISupportedInterfaceOrientations = UIInterfaceOrientationPortrait;
				INFOPLIST_KEY_UISupportedInterfaceOrientations_iPad = "UIInterfaceOrientationLandscapeLeft UIInterfaceOrientationLandscapeRight UIInterfaceOrientationPortrait UIInterfaceOrientationPortraitUpsideDown";
				LD_RUNPATH_SEARCH_PATHS = (
					"$(inherited)",
					"@executable_path/Frameworks",
				);
				MARKETING_VERSION = 1.0;
				PRODUCT_BUNDLE_IDENTIFIER = ttt.AvitoTests;
				PRODUCT_NAME = "$(TARGET_NAME)";
				SUPPORTED_PLATFORMS = "iphoneos iphonesimulator";
				SUPPORTS_MACCATALYST = NO;
				SUPPORTS_MAC_DESIGNED_FOR_IPHONE_IPAD = NO;
				SWIFT_EMIT_LOC_STRINGS = YES;
				SWIFT_VERSION = 5.0;
				TARGETED_DEVICE_FAMILY = 1;
			};
			name = Debug;
		};
		AEABD1CA2A97C04400341D8F /* Release */ = {
			isa = XCBuildConfiguration;
			buildSettings = {
				ASSETCATALOG_COMPILER_APPICON_NAME = AppIcon;
				ASSETCATALOG_COMPILER_GLOBAL_ACCENT_COLOR_NAME = AccentColor;
				CODE_SIGN_STYLE = Automatic;
				CURRENT_PROJECT_VERSION = 1;
				DEVELOPMENT_TEAM = T7653YUNND;
				GENERATE_INFOPLIST_FILE = YES;
				INFOPLIST_FILE = AvitoTests/SupportingFiles/Info.plist;
				INFOPLIST_KEY_UIApplicationSupportsIndirectInputEvents = YES;
				INFOPLIST_KEY_UILaunchStoryboardName = LaunchScreen;
				INFOPLIST_KEY_UISupportedInterfaceOrientations = UIInterfaceOrientationPortrait;
				INFOPLIST_KEY_UISupportedInterfaceOrientations_iPad = "UIInterfaceOrientationLandscapeLeft UIInterfaceOrientationLandscapeRight UIInterfaceOrientationPortrait UIInterfaceOrientationPortraitUpsideDown";
				LD_RUNPATH_SEARCH_PATHS = (
					"$(inherited)",
					"@executable_path/Frameworks",
				);
				MARKETING_VERSION = 1.0;
				PRODUCT_BUNDLE_IDENTIFIER = ttt.AvitoTests;
				PRODUCT_NAME = "$(TARGET_NAME)";
				SUPPORTED_PLATFORMS = "iphoneos iphonesimulator";
				SUPPORTS_MACCATALYST = NO;
				SUPPORTS_MAC_DESIGNED_FOR_IPHONE_IPAD = NO;
				SWIFT_EMIT_LOC_STRINGS = YES;
				SWIFT_VERSION = 5.0;
				TARGETED_DEVICE_FAMILY = 1;
			};
			name = Release;
		};
/* End XCBuildConfiguration section */

/* Begin XCConfigurationList section */
		AEABD1AF2A97C04300341D8F /* Build configuration list for PBXProject "AvitoTests" */ = {
			isa = XCConfigurationList;
			buildConfigurations = (
				AEABD1C62A97C04400341D8F /* Debug */,
				AEABD1C72A97C04400341D8F /* Release */,
			);
			defaultConfigurationIsVisible = 0;
			defaultConfigurationName = Release;
		};
		AEABD1C82A97C04400341D8F /* Build configuration list for PBXNativeTarget "AvitoTests" */ = {
			isa = XCConfigurationList;
			buildConfigurations = (
				AEABD1C92A97C04400341D8F /* Debug */,
				AEABD1CA2A97C04400341D8F /* Release */,
			);
			defaultConfigurationIsVisible = 0;
			defaultConfigurationName = Release;
		};
/* End XCConfigurationList section */
	};
	rootObject = AEABD1AC2A97C04300341D8F /* Project object */;
}
